
Microsoft Visual Studio Solution File, Format Version 12.00
# Visual Studio 15
VisualStudioVersion = 15.0.27004.2006
MinimumVisualStudioVersion = 10.0.40219.1
Project("{FAE04EC0-301F-11D3-BF4B-00C04F79EFBC}") = "02.WhriteToFile", "02.WhriteToFile\02.WhriteToFile.csproj", "{DEAD92FE-93EC-4F6E-8FE8-4FDF504CE960}"
EndProject
Global
	GlobalSection(SolutionConfigurationPlatforms) = preSolution
		Debug|Any CPU = Debug|Any CPU
		Release|Any CPU = Release|Any CPU
	EndGlobalSection
	GlobalSection(ProjectConfigurationPlatforms) = postSolution
		{DEAD92FE-93EC-4F6E-8FE8-4FDF504CE960}.Debug|Any CPU.ActiveCfg = Debug|Any CPU
		{DEAD92FE-93EC-4F6E-8FE8-4FDF504CE960}.Debug|Any CPU.Build.0 = Debug|Any CPU
		{DEAD92FE-93EC-4F6E-8FE8-4FDF504CE960}.Release|Any CPU.ActiveCfg = Release|Any CPU
		{DEAD92FE-93EC-4F6E-8FE8-4FDF504CE960}.Release|Any CPU.Build.0 = Release|Any CPU
	EndGlobalSection
	GlobalSection(SolutionProperties) = preSolution
		HideSolutionNode = FALSE
	EndGlobalSection
	GlobalSection(ExtensibilityGlobals) = postSolution
		SolutionGuid = {3808C437-C978-471A-BB15-97724ABF0F69}
	EndGlobalSection
EndGlobal
