
Microsoft Visual Studio Solution File, Format Version 12.00
# Visual Studio 15
VisualStudioVersion = 15.0.27004.2006
MinimumVisualStudioVersion = 10.0.40219.1
Project("{FAE04EC0-301F-11D3-BF4B-00C04F79EFBC}") = "02.SumNumbers", "02.SumNumbers\02.SumNumbers.csproj", "{994681C0-3B28-4566-8FB1-0046EDE33818}"
EndProject
Global
	GlobalSection(SolutionConfigurationPlatforms) = preSolution
		Debug|Any CPU = Debug|Any CPU
		Release|Any CPU = Release|Any CPU
	EndGlobalSection
	GlobalSection(ProjectConfigurationPlatforms) = postSolution
		{994681C0-3B28-4566-8FB1-0046EDE33818}.Debug|Any CPU.ActiveCfg = Debug|Any CPU
		{994681C0-3B28-4566-8FB1-0046EDE33818}.Debug|Any CPU.Build.0 = Debug|Any CPU
		{994681C0-3B28-4566-8FB1-0046EDE33818}.Release|Any CPU.ActiveCfg = Release|Any CPU
		{994681C0-3B28-4566-8FB1-0046EDE33818}.Release|Any CPU.Build.0 = Release|Any CPU
	EndGlobalSection
	GlobalSection(SolutionProperties) = preSolution
		HideSolutionNode = FALSE
	EndGlobalSection
	GlobalSection(ExtensibilityGlobals) = postSolution
		SolutionGuid = {A3F4DE2B-84DB-40F4-B311-D49632D93C43}
	EndGlobalSection
EndGlobal
