
Microsoft Visual Studio Solution File, Format Version 12.00
# Visual Studio 15
VisualStudioVersion = 15.0.27004.2006
MinimumVisualStudioVersion = 10.0.40219.1
Project("{FAE04EC0-301F-11D3-BF4B-00C04F79EFBC}") = "01.KeyRevolver", "01.KeyRevolver\01.KeyRevolver.csproj", "{D93517D1-E2F7-4036-AAE8-75B50871B4B4}"
EndProject
Global
	GlobalSection(SolutionConfigurationPlatforms) = preSolution
		Debug|Any CPU = Debug|Any CPU
		Release|Any CPU = Release|Any CPU
	EndGlobalSection
	GlobalSection(ProjectConfigurationPlatforms) = postSolution
		{D93517D1-E2F7-4036-AAE8-75B50871B4B4}.Debug|Any CPU.ActiveCfg = Debug|Any CPU
		{D93517D1-E2F7-4036-AAE8-75B50871B4B4}.Debug|Any CPU.Build.0 = Debug|Any CPU
		{D93517D1-E2F7-4036-AAE8-75B50871B4B4}.Release|Any CPU.ActiveCfg = Release|Any CPU
		{D93517D1-E2F7-4036-AAE8-75B50871B4B4}.Release|Any CPU.Build.0 = Release|Any CPU
	EndGlobalSection
	GlobalSection(SolutionProperties) = preSolution
		HideSolutionNode = FALSE
	EndGlobalSection
	GlobalSection(ExtensibilityGlobals) = postSolution
		SolutionGuid = {D892765F-C676-4851-A592-EE76CE59FE99}
	EndGlobalSection
EndGlobal
