
Microsoft Visual Studio Solution File, Format Version 12.00
# Visual Studio 15
VisualStudioVersion = 15.0.27004.2006
MinimumVisualStudioVersion = 10.0.40219.1
Project("{FAE04EC0-301F-11D3-BF4B-00C04F79EFBC}") = "04.AddVAT", "04.AddVAT\04.AddVAT.csproj", "{FD671127-ADAA-4C34-BE45-A86308B409E0}"
EndProject
Global
	GlobalSection(SolutionConfigurationPlatforms) = preSolution
		Debug|Any CPU = Debug|Any CPU
		Release|Any CPU = Release|Any CPU
	EndGlobalSection
	GlobalSection(ProjectConfigurationPlatforms) = postSolution
		{FD671127-ADAA-4C34-BE45-A86308B409E0}.Debug|Any CPU.ActiveCfg = Debug|Any CPU
		{FD671127-ADAA-4C34-BE45-A86308B409E0}.Debug|Any CPU.Build.0 = Debug|Any CPU
		{FD671127-ADAA-4C34-BE45-A86308B409E0}.Release|Any CPU.ActiveCfg = Release|Any CPU
		{FD671127-ADAA-4C34-BE45-A86308B409E0}.Release|Any CPU.Build.0 = Release|Any CPU
	EndGlobalSection
	GlobalSection(SolutionProperties) = preSolution
		HideSolutionNode = FALSE
	EndGlobalSection
	GlobalSection(ExtensibilityGlobals) = postSolution
		SolutionGuid = {B67AF481-5C62-4DE1-B9C5-B197CE2F6283}
	EndGlobalSection
EndGlobal
